
Microsoft Visual Studio Solution File, Format Version 12.00
# Visual Studio Version 17
VisualStudioVersion = 17.0.31903.59
MinimumVisualStudioVersion = 10.0.40219.1
Project("{2150E333-8FDC-42A3-9474-1A3956D46DE8}") = "src", "src", "{E70EB66B-DFA7-4B17-9642-4FB9F12A0760}"
EndProject
Project("{FAE04EC0-301F-11D3-BF4B-00C04F79EFBC}") = "Forge.Domain", "src\Forge.Domain\Forge.Domain.csproj", "{8C4E658E-26E3-41DA-8D10-B640BAF85D9A}"
EndProject
Project("{FAE04EC0-301F-11D3-BF4B-00C04F79EFBC}") = "Forge.Contracts", "src\Forge.Contracts\Forge.Contracts.csproj", "{2C2ADCED-AD6F-462F-9263-15EFF1569419}"
EndProject
Project("{FAE04EC0-301F-11D3-BF4B-00C04F79EFBC}") = "Forge.Infrastructure", "src\Forge.Infrastructure\Forge.Infrastructure.csproj", "{7C18E542-8EBA-4945-98C3-EC97705E2E27}"
EndProject
Project("{FAE04EC0-301F-11D3-BF4B-00C04F79EFBC}") = "Forge.Console", "src\Forge.Console\Forge.Console.csproj", "{B556AC67-AB6B-48CC-96EF-B55E75D07CFE}"
EndProject
Global
	GlobalSection(SolutionConfigurationPlatforms) = preSolution
		Debug|Any CPU = Debug|Any CPU
		Release|Any CPU = Release|Any CPU
	EndGlobalSection
	GlobalSection(SolutionProperties) = preSolution
		HideSolutionNode = FALSE
	EndGlobalSection
	GlobalSection(ProjectConfigurationPlatforms) = postSolution
		{8C4E658E-26E3-41DA-8D10-B640BAF85D9A}.Debug|Any CPU.ActiveCfg = Debug|Any CPU
		{8C4E658E-26E3-41DA-8D10-B640BAF85D9A}.Debug|Any CPU.Build.0 = Debug|Any CPU
		{8C4E658E-26E3-41DA-8D10-B640BAF85D9A}.Release|Any CPU.ActiveCfg = Release|Any CPU
		{8C4E658E-26E3-41DA-8D10-B640BAF85D9A}.Release|Any CPU.Build.0 = Release|Any CPU
		{2C2ADCED-AD6F-462F-9263-15EFF1569419}.Debug|Any CPU.ActiveCfg = Debug|Any CPU
		{2C2ADCED-AD6F-462F-9263-15EFF1569419}.Debug|Any CPU.Build.0 = Debug|Any CPU
		{2C2ADCED-AD6F-462F-9263-15EFF1569419}.Release|Any CPU.ActiveCfg = Release|Any CPU
		{2C2ADCED-AD6F-462F-9263-15EFF1569419}.Release|Any CPU.Build.0 = Release|Any CPU
		{7C18E542-8EBA-4945-98C3-EC97705E2E27}.Debug|Any CPU.ActiveCfg = Debug|Any CPU
		{7C18E542-8EBA-4945-98C3-EC97705E2E27}.Debug|Any CPU.Build.0 = Debug|Any CPU
		{7C18E542-8EBA-4945-98C3-EC97705E2E27}.Release|Any CPU.ActiveCfg = Release|Any CPU
		{7C18E542-8EBA-4945-98C3-EC97705E2E27}.Release|Any CPU.Build.0 = Release|Any CPU
		{B556AC67-AB6B-48CC-96EF-B55E75D07CFE}.Debug|Any CPU.ActiveCfg = Debug|Any CPU
		{B556AC67-AB6B-48CC-96EF-B55E75D07CFE}.Debug|Any CPU.Build.0 = Debug|Any CPU
		{B556AC67-AB6B-48CC-96EF-B55E75D07CFE}.Release|Any CPU.ActiveCfg = Release|Any CPU
		{B556AC67-AB6B-48CC-96EF-B55E75D07CFE}.Release|Any CPU.Build.0 = Release|Any CPU
	EndGlobalSection
	GlobalSection(NestedProjects) = preSolution
		{8C4E658E-26E3-41DA-8D10-B640BAF85D9A} = {E70EB66B-DFA7-4B17-9642-4FB9F12A0760}
		{2C2ADCED-AD6F-462F-9263-15EFF1569419} = {E70EB66B-DFA7-4B17-9642-4FB9F12A0760}
		{7C18E542-8EBA-4945-98C3-EC97705E2E27} = {E70EB66B-DFA7-4B17-9642-4FB9F12A0760}
		{B556AC67-AB6B-48CC-96EF-B55E75D07CFE} = {E70EB66B-DFA7-4B17-9642-4FB9F12A0760}
	EndGlobalSection
EndGlobal
